
Microsoft Visual Studio Solution File, Format Version 12.00
# Visual Studio Version 16
VisualStudioVersion = 16.0.31702.278
MinimumVisualStudioVersion = 10.0.40219.1
Project("{FAE04EC0-301F-11D3-BF4B-00C04F79EFBC}") = "ObstacleMapMaker", "ObstacleMapMaker\ObstacleMapMaker.csproj", "{6ABFD37C-B8C7-4BA7-8807-B1DCECE3CEE3}"
EndProject
Global
	GlobalSection(SolutionConfigurationPlatforms) = preSolution
		Debug|Any CPU = Debug|Any CPU
		Release|Any CPU = Release|Any CPU
	EndGlobalSection
	GlobalSection(ProjectConfigurationPlatforms) = postSolution
		{6ABFD37C-B8C7-4BA7-8807-B1DCECE3CEE3}.Debug|Any CPU.ActiveCfg = Debug|Any CPU
		{6ABFD37C-B8C7-4BA7-8807-B1DCECE3CEE3}.Debug|Any CPU.Build.0 = Debug|Any CPU
		{6ABFD37C-B8C7-4BA7-8807-B1DCECE3CEE3}.Release|Any CPU.ActiveCfg = Release|Any CPU
		{6ABFD37C-B8C7-4BA7-8807-B1DCECE3CEE3}.Release|Any CPU.Build.0 = Release|Any CPU
	EndGlobalSection
	GlobalSection(SolutionProperties) = preSolution
		HideSolutionNode = FALSE
	EndGlobalSection
	GlobalSection(ExtensibilityGlobals) = postSolution
		SolutionGuid = {8BB1B475-37FA-4F86-80ED-FBA5209277E0}
	EndGlobalSection
EndGlobal
